Microsoft Visual Studio Solution File, Format Version 12.00
# Visual Studio Version 17
VisualStudioVersion = 17.5.2.0
MinimumVisualStudioVersion = 10.0.40219.1
Project("{2150E333-8FDC-42A3-9474-1A3956D46DE8}") = "languages", "languages", "{1C2492E6-07D6-3755-945F-6FD68363DF81}"
EndProject
Project("{2150E333-8FDC-42A3-9474-1A3956D46DE8}") = "c#", "c#", "{9FC25C24-35DC-CAB5-02A0-54A9F434ED56}"
EndProject
Project("{FAE04EC0-301F-11D3-BF4B-00C04F79EFBC}") = "App", "languages\c#\src\App.csproj", "{8C5ECCC2-03AC-E83F-685A-4E2B5192A0D9}"
EndProject
Project("{FAE04EC0-301F-11D3-BF4B-00C04F79EFBC}") = "Tests", "languages\c#\tests\Tests.csproj", "{AFCC7BE0-993D-3391-7B17-537744821A4D}"
EndProject
Global
	GlobalSection(SolutionConfigurationPlatforms) = preSolution
		Debug|Any CPU = Debug|Any CPU
		Release|Any CPU = Release|Any CPU
	EndGlobalSection
	GlobalSection(ProjectConfigurationPlatforms) = postSolution
		{8C5ECCC2-03AC-E83F-685A-4E2B5192A0D9}.Debug|Any CPU.ActiveCfg = Debug|Any CPU
		{8C5ECCC2-03AC-E83F-685A-4E2B5192A0D9}.Debug|Any CPU.Build.0 = Debug|Any CPU
		{8C5ECCC2-03AC-E83F-685A-4E2B5192A0D9}.Release|Any CPU.ActiveCfg = Release|Any CPU
		{8C5ECCC2-03AC-E83F-685A-4E2B5192A0D9}.Release|Any CPU.Build.0 = Release|Any CPU
		{AFCC7BE0-993D-3391-7B17-537744821A4D}.Debug|Any CPU.ActiveCfg = Debug|Any CPU
		{AFCC7BE0-993D-3391-7B17-537744821A4D}.Debug|Any CPU.Build.0 = Debug|Any CPU
		{AFCC7BE0-993D-3391-7B17-537744821A4D}.Release|Any CPU.ActiveCfg = Release|Any CPU
		{AFCC7BE0-993D-3391-7B17-537744821A4D}.Release|Any CPU.Build.0 = Release|Any CPU
	EndGlobalSection
	GlobalSection(SolutionProperties) = preSolution
		HideSolutionNode = FALSE
	EndGlobalSection
	GlobalSection(NestedProjects) = preSolution
		{9FC25C24-35DC-CAB5-02A0-54A9F434ED56} = {1C2492E6-07D6-3755-945F-6FD68363DF81}
		{8C5ECCC2-03AC-E83F-685A-4E2B5192A0D9} = {9FC25C24-35DC-CAB5-02A0-54A9F434ED56}
		{AFCC7BE0-993D-3391-7B17-537744821A4D} = {9FC25C24-35DC-CAB5-02A0-54A9F434ED56}
	EndGlobalSection
	GlobalSection(ExtensibilityGlobals) = postSolution
		SolutionGuid = {900B4D35-FD8D-48AB-B866-235623871D0E}
	EndGlobalSection
EndGlobal
